
Microsoft Visual Studio Solution File, Format Version 12.00
# Visual Studio 14
VisualStudioVersion = 14.0.24720.0
MinimumVisualStudioVersion = 10.0.40219.1
Project("{FAE04EC0-301F-11D3-BF4B-00C04F79EFBC}") = "SpotlightBrowser", "SpotlightBrowser\SpotlightBrowser.csproj", "{07D7F5B1-4F91-4CF6-B79E-FCDA7E396B40}"
EndProject
Project("{FAE04EC0-301F-11D3-BF4B-00C04F79EFBC}") = "SpotlightTester", "SpotlightTester\SpotlightTester.csproj", "{883A889F-345A-44D2-BFE7-57439592C486}"
EndProject
Project("{2150E333-8FDC-42A3-9474-1A3956D46DE8}") = "Solution Items", "Solution Items", "{46EC92D9-3E6B-44DC-9AAE-97592EE4788C}"
	ProjectSection(SolutionItems) = preProject
		readme.txt = readme.txt
	EndProjectSection
EndProject
Global
	GlobalSection(SolutionConfigurationPlatforms) = preSolution
		Debug|Any CPU = Debug|Any CPU
		Release|Any CPU = Release|Any CPU
	EndGlobalSection
	GlobalSection(ProjectConfigurationPlatforms) = postSolution
		{07D7F5B1-4F91-4CF6-B79E-FCDA7E396B40}.Debug|Any CPU.ActiveCfg = Debug|Any CPU
		{07D7F5B1-4F91-4CF6-B79E-FCDA7E396B40}.Debug|Any CPU.Build.0 = Debug|Any CPU
		{07D7F5B1-4F91-4CF6-B79E-FCDA7E396B40}.Release|Any CPU.ActiveCfg = Release|Any CPU
		{07D7F5B1-4F91-4CF6-B79E-FCDA7E396B40}.Release|Any CPU.Build.0 = Release|Any CPU
		{883A889F-345A-44D2-BFE7-57439592C486}.Debug|Any CPU.ActiveCfg = Debug|Any CPU
		{883A889F-345A-44D2-BFE7-57439592C486}.Debug|Any CPU.Build.0 = Debug|Any CPU
		{883A889F-345A-44D2-BFE7-57439592C486}.Release|Any CPU.ActiveCfg = Release|Any CPU
		{883A889F-345A-44D2-BFE7-57439592C486}.Release|Any CPU.Build.0 = Release|Any CPU
	EndGlobalSection
	GlobalSection(SolutionProperties) = preSolution
		HideSolutionNode = FALSE
	EndGlobalSection
EndGlobal
